{
    "_meta": {
        "hash": {
            "sha256": "e2aa973bf42eaebbeea0ded3545f56148e6718e127303662e44394bb6b1bdc50"
        },
        "pipfile-spec": 6,
        "requires": {
            "python_version": "3.7"
        },
        "sources": [
            {
                "name": "pypi",
                "url": "https://pypi.org/simple",
                "verify_ssl": true
            }
        ]
    },
    "default": {},
    "develop": {}
}
